Microsoft Visual Studio Solution File, Format Version 12.00
# Visual Studio Version 17
VisualStudioVersion = 17.0.31903.59
MinimumVisualStudioVersion = 15.0.26124.0
Project("{FAE04EC0-301F-11D3-BF4B-00C04F79EFBC}") = "aistudiochatbotintegrator", "aistudiochatbotintegrator.csproj", "{A3D43BBE-1090-41AA-B8B7-EA3CD763A48C}"
EndProject
Project("{FAE04EC0-301F-11D3-BF4B-00C04F79EFBC}") = "MyAIStudioBackend", "backend\MyAIStudioBackend.csproj", "{9A12B852-78E4-428A-851E-4E5C9E11400A}"
EndProject
Global
	GlobalSection(SolutionConfigurationPlatforms) = preSolution
		Debug|Any CPU = Debug|Any CPU
		Release|Any CPU = Release|Any CPU
	EndGlobalSection
	GlobalSection(ProjectConfigurationPlatforms) = postSolution
		{A3D43BBE-1090-41AA-B8B7-EA3CD763A48C}.Debug|Any CPU.ActiveCfg = Debug|Any CPU
		{A3D43BBE-1090-41AA-B8B7-EA3CD763A48C}.Debug|Any CPU.Build.0 = Debug|Any CPU
		{A3D43BBE-1090-41AA-B8B7-EA3CD763A48C}.Release|Any CPU.ActiveCfg = Release|Any CPU
		{A3D43BBE-1090-41AA-B8B7-EA3CD763A48C}.Release|Any CPU.Build.0 = Release|Any CPU
		{9A12B852-78E4-428A-851E-4E5C9E11400A}.Debug|Any CPU.ActiveCfg = Debug|Any CPU
		{9A12B852-78E4-428A-851E-4E5C9E11400A}.Debug|Any CPU.Build.0 = Debug|Any CPU
		{9A12B852-78E4-428A-851E-4E5C9E11400A}.Release|Any CPU.ActiveCfg = Release|Any CPU
		{9A12B852-78E4-428A-851E-4E5C9E11400A}.Release|Any CPU.Build.0 = Release|Any CPU
	EndGlobalSection
	GlobalSection(SolutionProperties) = preSolution
		HideSolutionNode = FALSE
	EndGlobalSection
EndGlobal
